github.com/bieber/barcode v0.0.0-20201127170204-1d90414c63eb h1:53WghGWCObT4JZCtUmsIBKbXrhBjUl6Ir0b/4VCvnKM=
github.com/bieber/barcode v0.0.0-20201127170204-1d90414c63eb/go.mod h1:w5qtsfLEDHTXFz8eyaZOu/GXU3A/HhwIcFM09ZQlgR0=
github.com/blackjack/webcam v0.0.0-20200313125108-10ed912a8539 h1:1aIqYfg9s9RETAJHGfVKZW4ok0b22p4QTwk8MsdRtPs=
github.com/blackjack/webcam v0.0.0-20200313125108-10ed912a8539/go.mod h1:G0X+rEqYPWSq0dG8OMf8M446MtKytzpPjgS3HbdOJZ4=
github.com/davecgh/go-spew v1.1.0 h1:ZDRjVQ15GmhC3fiQ8ni8+OwkZQO4DARzQgrnXU1Liz8=
github.com/davecgh/go-spew v1.1.0/go.mod h1:J7Y8YcW2NihsgmVo/mv3lAwl/skON4iLHjSsI+c5H38=
github.com/google/uuid v1.3.0 h1:t6JiXgmwXMjEs8VusXIJk2BXHsn+wx8BZdTaoZ5fu7I=
github.com/google/uuid v1.3.0/go.mod h1:TIyPZe4MgqvfeYDBFedMoGGpEw/LqOeaOT+nhxU+yHo=
github.com/hybridgroup/mjpeg v0.0.0-20140228234708-4680f319790e/go.mod h1:eagM805MRKrioHYuU7iKLUyFPVKqVV6um5DAvCkUtXs=
github.com/lazywei/go-opencv v0.0.0-20190115070742-a4fe8ec027cc h1:Eo/8ytR1c43l4AAoxT5A26wKUpS/hr8JTRCmPEUiu9Q=
github.com/lazywei/go-opencv v0.0.0-20190115070742-a4fe8ec027cc/go.mod h1:NzTIqhnXetOqnR7TfHJuIonF3nQ2y9yC51OvfXcKpn8=
github.com/liyue201/goqr v0.0.0-20200803022322-df443203d4ea h1:uyJ13zfy6l79CM3HnVhDalIyZ4RJAyVfDrbnfFeJoC4=
github.com/liyue201/goqr v0.0.0-20200803022322-df443203d4ea/go.mod h1:w4pGU9PkiX2hAWyF0yuHEHmYTQFAd6WHzp6+IY7JVjE=
github.com/pascaldekloe/goe v0.1.0/go.mod h1:lzWF7FIEvWOWxwDKqyGYQf6ZUaNfKdP144TG7ZOy1lc=
github.com/pmezard/go-difflib v1.0.0 h1:4DBwDE0NGyQoBHbLQYPwSUPoCMWR5BEzIk/f1lZbAQM=
github.com/pmezard/go-difflib v1.0.0/go.mod h1:iKH77koFhYxTK1pcRnkKkqfTogsbg7gZNVY4sRDYZ/4=
github.com/stretchr/objx v0.1.0/go.mod h1:HFkY916IF+rwdDfMAkV7OtwuqBVzrE8GR6GFx+wExME=
github.com/stretchr/testify v1.4.0 h1:2E4SXV/wtOkTonXsotYi4li6zVWxYlZuYNCXe9XRJyk=
github.com/stretchr/testify v1.4.0/go.mod h1:j7eGeouHqKxXV5pUuKE4zz7dFj8WfuZ+81PSLYec5m4=
gocv.io/x/gocv v0.28.0 h1:hweRS9Js60YEZPZzjhU5I+0E2ngazquLlO78zwnrFvY=
gocv.io/x/gocv v0.28.0/go.mod h1:oc6FvfYqfBp99p+yOEzs9tbYF9gOrAQSeL/dyIPefJU=
golang.org/x/sys v0.0.0-20211025201205-69cdffdb9359 h1:2B5p2L5IfGiD7+b9BOoRMC6DgObAVZV+Fsp050NqXik=
golang.org/x/sys v0.0.0-20211025201205-69cdffdb9359/go.mod h1:oPkhp1MJrh7nUepCBck5+mAzfO9JrbApNNgaTdGDITg=
gopkg.in/check.v1 v0.0.0-20161208181325-20d25e280405/go.mod h1:Co6ibVJAznAaIkqp8huTwlJQCZ016jof/cbN4VW5Yz0=
gopkg.in/yaml.v2 v2.2.2 h1:ZCJp+EgiOT7lHqUV2J862kp8Qj64Jo6az82+3Td9dZw=
gopkg.in/yaml.v2 v2.2.2/go.mod h1:hI93XBmqTisBFMUTm0b8Fm+jr3Dg1NNxqwp+5A1VGuI=
